
Microsoft Visual Studio Solution File, Format Version 12.00
# Visual Studio Version 17
VisualStudioVersion = 17.4.33122.133
MinimumVisualStudioVersion = 10.0.40219.1
Project("{FAE04EC0-301F-11D3-BF4B-00C04F79EFBC}") = "ShoppingCart", "ShoppingCart\ShoppingCart.csproj", "{6035AD55-1088-432A-98CC-751A3C7FA25D}"
EndProject
Global
	GlobalSection(SolutionConfigurationPlatforms) = preSolution
		Debug|Any CPU = Debug|Any CPU
		Release|Any CPU = Release|Any CPU
	EndGlobalSection
	GlobalSection(ProjectConfigurationPlatforms) = postSolution
		{6035AD55-1088-432A-98CC-751A3C7FA25D}.Debug|Any CPU.ActiveCfg = Debug|Any CPU
		{6035AD55-1088-432A-98CC-751A3C7FA25D}.Debug|Any CPU.Build.0 = Debug|Any CPU
		{6035AD55-1088-432A-98CC-751A3C7FA25D}.Release|Any CPU.ActiveCfg = Release|Any CPU
		{6035AD55-1088-432A-98CC-751A3C7FA25D}.Release|Any CPU.Build.0 = Release|Any CPU
	EndGlobalSection
	GlobalSection(SolutionProperties) = preSolution
		HideSolutionNode = FALSE
	EndGlobalSection
	GlobalSection(ExtensibilityGlobals) = postSolution
		SolutionGuid = {396C372D-93CF-4639-AD2C-A0A4A897DE74}
	EndGlobalSection
EndGlobal
